Microsoft Visual Studio Solution File, Format Version 12.00
# Visual Studio Version 17
VisualStudioVersion = 17.5.2.0
MinimumVisualStudioVersion = 10.0.40219.1
Project("{FAE04EC0-301F-11D3-BF4B-00C04F79EFBC}") = "ReservasSalas", "ReservasSalas\ReservasSalas.csproj", "{F58AFDBC-F020-C3E8-CDCC-3533496C6505}"
EndProject
Global
	GlobalSection(SolutionConfigurationPlatforms) = preSolution
		Debug|Any CPU = Debug|Any CPU
		Release|Any CPU = Release|Any CPU
	EndGlobalSection
	GlobalSection(ProjectConfigurationPlatforms) = postSolution
		{F58AFDBC-F020-C3E8-CDCC-3533496C6505}.Debug|Any CPU.ActiveCfg = Debug|Any CPU
		{F58AFDBC-F020-C3E8-CDCC-3533496C6505}.Debug|Any CPU.Build.0 = Debug|Any CPU
		{F58AFDBC-F020-C3E8-CDCC-3533496C6505}.Release|Any CPU.ActiveCfg = Release|Any CPU
		{F58AFDBC-F020-C3E8-CDCC-3533496C6505}.Release|Any CPU.Build.0 = Release|Any CPU
	EndGlobalSection
	GlobalSection(SolutionProperties) = preSolution
		HideSolutionNode = FALSE
	EndGlobalSection
	GlobalSection(ExtensibilityGlobals) = postSolution
		SolutionGuid = {9617841B-93C7-43AA-954B-28F78BC0060D}
	EndGlobalSection
EndGlobal
